
Microsoft Visual Studio Solution File, Format Version 12.00
# Visual Studio Version 16
VisualStudioVersion = 16.0.30717.126
MinimumVisualStudioVersion = 10.0.40219.1
Project("{FAE04EC0-301F-11D3-BF4B-00C04F79EFBC}") = "Splatoon.Cheats", "Splatoon.Cheats.csproj", "{ED00739B-0FFF-40C3-932B-E9CB0A10B9FD}"
EndProject
Global
	GlobalSection(SolutionConfigurationPlatforms) = preSolution
		Debug|Any CPU = Debug|Any CPU
		Release|Any CPU = Release|Any CPU
	EndGlobalSection
	GlobalSection(ProjectConfigurationPlatforms) = postSolution
		{ED00739B-0FFF-40C3-932B-E9CB0A10B9FD}.Debug|Any CPU.ActiveCfg = Debug|Any CPU
		{ED00739B-0FFF-40C3-932B-E9CB0A10B9FD}.Debug|Any CPU.Build.0 = Debug|Any CPU
		{ED00739B-0FFF-40C3-932B-E9CB0A10B9FD}.Release|Any CPU.ActiveCfg = Release|Any CPU
		{ED00739B-0FFF-40C3-932B-E9CB0A10B9FD}.Release|Any CPU.Build.0 = Release|Any CPU
	EndGlobalSection
	GlobalSection(SolutionProperties) = preSolution
		HideSolutionNode = FALSE
	EndGlobalSection
	GlobalSection(ExtensibilityGlobals) = postSolution
		SolutionGuid = {7B899B23-D45C-41ED-903D-BF32F92AB6C8}
	EndGlobalSection
EndGlobal
